// !$*UTF8*$!
{
	archiveVersion = 1;
	classes = {
	};
	objectVersion = 46;
	objects = {

/* Begin PBXBuildFile section */
		178FC7301D27986300CBD380 /* AppDelegate.swift in Sources */ = {isa = PBXBuildFile; fileRef = 178FC72F1D27986300CBD380 /* AppDelegate.swift */; };
		178FC7321D27986300CBD380 /* ViewController.swift in Sources */ = {isa = PBXBuildFile; fileRef = 178FC7311D27986300CBD380 /* ViewController.swift */; };
		178FC7351D27986300CBD380 /* Main.storyboard in Resources */ = {isa = PBXBuildFile; fileRef = 178FC7331D27986300CBD380 /* Main.storyboard */; };
		178FC7371D27986300CBD380 /* Assets.xcassets in Resources */ = {isa = PBXBuildFile; fileRef = 178FC7361D27986300CBD380 /* Assets.xcassets */; };
		178FC73A1D27986300CBD380 /* LaunchScreen.storyboard in Resources */ = {isa = PBXBuildFile; fileRef = 178FC7381D27986300CBD380 /* LaunchScreen.storyboard */; };
		178FC7451D27986300CBD380 /* InstaFilterTests.swift in Sources */ = {isa = PBXBuildFile; fileRef = 178FC7441D27986300CBD380 /* InstaFilterTests.swift */; };
		178FC7501D27986300CBD380 /* InstaFilterUITests.swift in Sources */ = {isa = PBXBuildFile; fileRef = 178FC74F1D27986300CBD380 /* InstaFilterUITests.swift */; };
/* End PBXBuildFile section */

/* Begin PBXContainerItemProxy section */
		178FC7411D27986300CBD380 /* PBXContainerItemProxy */ = {
			isa = PBXContainerItemProxy;
			containerPortal = 178FC7241D27986300CBD380 /* Project object */;
			proxyType = 1;
			remoteGlobalIDString = 178FC72B1D27986300CBD380;
			remoteInfo = InstaFilter;
		};
		178FC74C1D27986300CBD380 /* PBXContainerItemProxy */ = {
			isa = PBXContainerItemProxy;
			containerPortal = 178FC7241D27986300CBD380 /* Project object */;
			proxyType = 1;
			remoteGlobalIDString = 178FC72B1D27986300CBD380;
			remoteInfo = InstaFilter;
		};
/* End PBXContainerItemProxy section */

/* Begin PBXFileReference section */
		178FC72C1D27986300CBD380 /* InstaFilter.app */ = {isa = PBXFileReference; explicitFileType = wrapper.application; includeInIndex = 0; path = InstaFilter.app; sourceTree = BUILT_PRODUCTS_DIR; };
		178FC72F1D27986300CBD380 /* AppDelegate.swift */ = {isa = PBXFileReference; lastKnownFileType = sourcecode.swift; path = AppDelegate.swift; sourceTree = "<group>"; };
		178FC7311D27986300CBD380 /* ViewController.swift */ = {isa = PBXFileReference; lastKnownFileType = sourcecode.swift; path = ViewController.swift; sourceTree = "<group>"; };
		178FC7341D27986300CBD380 /* Base */ = {isa = PBXFileReference; lastKnownFileType = file.storyboard; name = Base; path = Base.lproj/Main.storyboard; sourceTree = "<group>"; };
		178FC7361D27986300CBD380 /* Assets.xcassets */ = {isa = PBXFileReference; lastKnownFileType = folder.assetcatalog; path = Assets.xcassets; sourceTree = "<group>"; };
		178FC7391D27986300CBD380 /* Base */ = {isa = PBXFileReference; lastKnownFileType = file.storyboard; name = Base; path = Base.lproj/LaunchScreen.storyboard; sourceTree = "<group>"; };
		178FC73B1D27986300CBD380 /* Info.plist */ = {isa = PBXFileReference; lastKnownFileType = text.plist.xml; path = Info.plist; sourceTree = "<group>"; };
		178FC7401D27986300CBD380 /* InstaFilterTests.xctest */ = {isa = PBXFileReference; explicitFileType = wrapper.cfbundle; includeInIndex = 0; path = InstaFilterTests.xctest; sourceTree = BUILT_PRODUCTS_DIR; };
		178FC7441D27986300CBD380 /* InstaFilterTests.swift */ = {isa = PBXFileReference; lastKnownFileType = sourcecode.swift; path = InstaFilterTests.swift; sourceTree = "<group>"; };
		178FC7461D27986300CBD380 /* Info.plist */ = {isa = PBXFileReference; lastKnownFileType = text.plist.xml; path = Info.plist; sourceTree = "<group>"; };
		178FC74B1D27986300CBD380 /* InstaFilterUITests.xctest */ = {isa = PBXFileReference; explicitFileType = wrapper.cfbundle; includeInIndex = 0; path = InstaFilterUITests.xctest; sourceTree = BUILT_PRODUCTS_DIR; };
		178FC74F1D27986300CBD380 /* InstaFilterUITests.swift */ = {isa = PBXFileReference; lastKnownFileType = sourcecode.swift; path = InstaFilterUITests.swift; sourceTree = "<group>"; };
		178FC7511D27986300CBD380 /* Info.plist */ = {isa = PBXFileReference; lastKnownFileType = text.plist.xml; path = Info.plist; sourceTree = "<group>"; };
/* End PBXFileReference section */

/* Begin PBXFrameworksBuildPhase section */
		178FC7291D27986300CBD380 /* Frameworks */ = {
			isa = PBXFrameworksBuildPhase;
			buildActionMask = 2147483647;
			files = (
			);
			runOnlyForDeploymentPostprocessing = 0;
		};
		178FC73D1D27986300CBD380 /* Frameworks */ = {
			isa = PBXFrameworksBuildPhase;
			buildActionMask = 2147483647;
			files = (
			);
			runOnlyForDeploymentPostprocessing = 0;
		};
		178FC7481D27986300CBD380 /* Frameworks */ = {
			isa = PBXFrameworksBuildPhase;
			buildActionMask = 2147483647;
			files = (
			);
			runOnlyForDeploymentPostprocessing = 0;
		};
/* End PBXFrameworksBuildPhase section */

/* Begin PBXGroup section */
		178FC7231D27986300CBD380 = {
			isa = PBXGroup;
			children = (
				178FC72E1D27986300CBD380 /* InstaFilter */,
				178FC7431D27986300CBD380 /* InstaFilterTests */,
				178FC74E1D27986300CBD380 /* InstaFilterUITests */,
				178FC72D1D27986300CBD380 /* Products */,
			);
			sourceTree = "<group>";
		};
		178FC72D1D27986300CBD380 /* Products */ = {
			isa = PBXGroup;
			children = (
				178FC72C1D27986300CBD380 /* InstaFilter.app */,
				178FC7401D27986300CBD380 /* InstaFilterTests.xctest */,
				178FC74B1D27986300CBD380 /* InstaFilterUITests.xctest */,
			);
			name = Products;
			sourceTree = "<group>";
		};
		178FC72E1D27986300CBD380 /* InstaFilter */ = {
			isa = PBXGroup;
			children = (
				178FC72F1D27986300CBD380 /* AppDelegate.swift */,
				178FC7311D27986300CBD380 /* ViewController.swift */,
				178FC7331D27986300CBD380 /* Main.storyboard */,
				178FC7361D27986300CBD380 /* Assets.xcassets */,
				178FC7381D27986300CBD380 /* LaunchScreen.storyboard */,
				178FC73B1D27986300CBD380 /* Info.plist */,
			);
			path = InstaFilter;
			sourceTree = "<group>";
		};
		178FC7431D27986300CBD380 /* InstaFilterTests */ = {
			isa = PBXGroup;
			children = (
				178FC7441D27986300CBD380 /* InstaFilterTests.swift */,
				178FC7461D27986300CBD380 /* Info.plist */,
			);
			path = InstaFilterTests;
			sourceTree = "<group>";
		};
		178FC74E1D27986300CBD380 /* InstaFilterUITests */ = {
			isa = PBXGroup;
			children = (
				178FC74F1D27986300CBD380 /* InstaFilterUITests.swift */,
				178FC7511D27986300CBD380 /* Info.plist */,
			);
			path = InstaFilterUITests;
			sourceTree = "<group>";
		};
/* End PBXGroup section */

/* Begin PBXNativeTarget section */
		178FC72B1D27986300CBD380 /* InstaFilter */ = {
			isa = PBXNativeTarget;
			buildConfigurationList = 178FC7541D27986300CBD380 /* Build configuration list for PBXNativeTarget "InstaFilter" */;
			buildPhases = (
				178FC7281D27986300CBD380 /* Sources */,
				178FC7291D27986300CBD380 /* Frameworks */,
				178FC72A1D27986300CBD380 /* Resources */,
			);
			buildRules = (
			);
			dependencies = (
			);
			name = InstaFilter;
			productName = InstaFilter;
			productReference = 178FC72C1D27986300CBD380 /* InstaFilter.app */;
			productType = "com.apple.product-type.application";
		};
		178FC73F1D27986300CBD380 /* InstaFilterTests */ = {
			isa = PBXNativeTarget;
			buildConfigurationList = 178FC7571D27986300CBD380 /* Build configuration list for PBXNativeTarget "InstaFilterTests" */;
			buildPhases = (
				178FC73C1D27986300CBD380 /* Sources */,
				178FC73D1D27986300CBD380 /* Frameworks */,
				178FC73E1D27986300CBD380 /* Resources */,
			);
			buildRules = (
			);
			dependencies = (
				178FC7421D27986300CBD380 /* PBXTargetDependency */,
			);
			name = InstaFilterTests;
			productName = InstaFilterTests;
			productReference = 178FC7401D27986300CBD380 /* InstaFilterTests.xctest */;
			productType = "com.apple.product-type.bundle.unit-test";
		};
		178FC74A1D27986300CBD380 /* InstaFilterUITests */ = {
			isa = PBXNativeTarget;
			buildConfigurationList = 178FC75A1D27986300CBD380 /* Build configuration list for PBXNativeTarget "InstaFilterUITests" */;
			buildPhases = (
				178FC7471D27986300CBD380 /* Sources */,
				178FC7481D27986300CBD380 /* Frameworks */,
				178FC7491D27986300CBD380 /* Resources */,
			);
			buildRules = (
			);
			dependencies = (
				178FC74D1D27986300CBD380 /* PBXTargetDependency */,
			);
			name = InstaFilterUITests;
			productName = InstaFilterUITests;
			productReference = 178FC74B1D27986300CBD380 /* InstaFilterUITests.xctest */;
			productType = "com.apple.product-type.bundle.ui-testing";
		};
/* End PBXNativeTarget section */

/* Begin PBXProject section */
		178FC7241D27986300CBD380 /* Project object */ = {
			isa = PBXProject;
			attributes = {
				LastSwiftUpdateCheck = 0720;
				LastUpgradeCheck = 0720;
				ORGANIZATIONNAME = Hikaru;
				TargetAttributes = {
					178FC72B1D27986300CBD380 = {
						CreatedOnToolsVersion = 7.2;
					};
					178FC73F1D27986300CBD380 = {
						CreatedOnToolsVersion = 7.2;
						TestTargetID = 178FC72B1D27986300CBD380;
					};
					178FC74A1D27986300CBD380 = {
						CreatedOnToolsVersion = 7.2;
						TestTargetID = 178FC72B1D27986300CBD380;
					};
				};
			};
			buildConfigurationList = 178FC7271D27986300CBD380 /* Build configuration list for PBXProject "InstaFilter" */;
			compatibilityVersion = "Xcode 3.2";
			developmentRegion = English;
			hasScannedForEncodings = 0;
			knownRegions = (
				en,
				Base,
			);
			mainGroup = 178FC7231D27986300CBD380;
			productRefGroup = 178FC72D1D27986300CBD380 /* Products */;
			projectDirPath = "";
			projectRoot = "";
			targets = (
				178FC72B1D27986300CBD380 /* InstaFilter */,
				178FC73F1D27986300CBD380 /* InstaFilterTests */,
				178FC74A1D27986300CBD380 /* InstaFilterUITests */,
			);
		};
/* End PBXProject section */

/* Begin PBXResourcesBuildPhase section */
		178FC72A1D27986300CBD380 /* Resources */ = {
			isa = PBXResourcesBuildPhase;
			buildActionMask = 2147483647;
			files = (
				178FC73A1D27986300CBD380 /* LaunchScreen.storyboard in Resources */,
				178FC7371D27986300CBD380 /* Assets.xcassets in Resources */,
				178FC7351D27986300CBD380 /* Main.storyboard in Resources */,
			);
			runOnlyForDeploymentPostprocessing = 0;
		};
		178FC73E1D27986300CBD380 /* Resources */ = {
			isa = PBXResourcesBuildPhase;
			buildActionMask = 2147483647;
			files = (
			);
			runOnlyForDeploymentPostprocessing = 0;
		};
		178FC7491D27986300CBD380 /* Resources */ = {
			isa = PBXResourcesBuildPhase;
			buildActionMask = 2147483647;
			files = (
			);
			runOnlyForDeploymentPostprocessing = 0;
		};
/* End PBXResourcesBuildPhase section */

/* Begin PBXSourcesBuildPhase section */
		178FC7281D27986300CBD380 /* Sources */ = {
			isa = PBXSourcesBuildPhase;
			buildActionMask = 2147483647;
			files = (
				178FC7321D27986300CBD380 /* ViewController.swift in Sources */,
				178FC7301D27986300CBD380 /* AppDelegate.swift in Sources */,
			);
			runOnlyForDeploymentPostprocessing = 0;
		};
		178FC73C1D27986300CBD380 /* Sources */ = {
			isa = PBXSourcesBuildPhase;
			buildActionMask = 2147483647;
			files = (
				178FC7451D27986300CBD380 /* InstaFilterTests.swift in Sources */,
			);
			runOnlyForDeploymentPostprocessing = 0;
		};
		178FC7471D27986300CBD380 /* Sources */ = {
			isa = PBXSourcesBuildPhase;
			buildActionMask = 2147483647;
			files = (
				178FC7501D27986300CBD380 /* InstaFilterUITests.swift in Sources */,
			);
			runOnlyForDeploymentPostprocessing = 0;
		};
/* End PBXSourcesBuildPhase section */

/* Begin PBXTargetDependency section */
		178FC7421D27986300CBD380 /* PBXTargetDependency */ = {
			isa = PBXTargetDependency;
			target = 178FC72B1D27986300CBD380 /* InstaFilter */;
			targetProxy = 178FC7411D27986300CBD380 /* PBXContainerItemProxy */;
		};
		178FC74D1D27986300CBD380 /* PBXTargetDependency */ = {
			isa = PBXTargetDependency;
			target = 178FC72B1D27986300CBD380 /* InstaFilter */;
			targetProxy = 178FC74C1D27986300CBD380 /* PBXContainerItemProxy */;
		};
/* End PBXTargetDependency section */

/* Begin PBXVariantGroup section */
		178FC7331D27986300CBD380 /* Main.storyboard */ = {
			isa = PBXVariantGroup;
			children = (
				178FC7341D27986300CBD380 /* Base */,
			);
			name = Main.storyboard;
			sourceTree = "<group>";
		};
		178FC7381D27986300CBD380 /* LaunchScreen.storyboard */ = {
			isa = PBXVariantGroup;
			children = (
				178FC7391D27986300CBD380 /* Base */,
			);
			name = LaunchScreen.storyboard;
			sourceTree = "<group>";
		};
/* End PBXVariantGroup section */

/* Begin XCBuildConfiguration section */
		178FC7521D27986300CBD380 /* Debug */ = {
			isa = XCBuildConfiguration;
			buildSettings = {
				ALWAYS_SEARCH_USER_PATHS = NO;
				CLANG_CXX_LANGUAGE_STANDARD = "gnu++0x";
				CLANG_CXX_LIBRARY = "libc++";
				CLANG_ENABLE_MODULES = YES;
				CLANG_ENABLE_OBJC_ARC = YES;
				CLANG_WARN_BOOL_CONVERSION = YES;
				CLANG_WARN_CONSTANT_CONVERSION = YES;
				CLANG_WARN_DIRECT_OBJC_ISA_USAGE = YES_ERROR;
				CLANG_WARN_EMPTY_BODY = YES;
				CLANG_WARN_ENUM_CONVERSION = YES;
				CLANG_WARN_INT_CONVERSION = YES;
				CLANG_WARN_OBJC_ROOT_CLASS = YES_ERROR;
				CLANG_WARN_UNREACHABLE_CODE = YES;
				CLANG_WARN__DUPLICATE_METHOD_MATCH = YES;
				"CODE_SIGN_IDENTITY[sdk=iphoneos*]" = "iPhone Developer";
				COPY_PHASE_STRIP = NO;
				DEBUG_INFORMATION_FORMAT = dwarf;
				ENABLE_STRICT_OBJC_MSGSEND = YES;
				ENABLE_TESTABILITY = YES;
				GCC_C_LANGUAGE_STANDARD = gnu99;
				GCC_DYNAMIC_NO_PIC = NO;
				GCC_NO_COMMON_BLOCKS = YES;
				GCC_OPTIMIZATION_LEVEL = 0;
				GCC_PREPROCESSOR_DEFINITIONS = (
					"DEBUG=1",
					"$(inherited)",
				);
				GCC_WARN_64_TO_32_BIT_CONVERSION = YES;
				GCC_WARN_ABOUT_RETURN_TYPE = YES_ERROR;
				GCC_WARN_UNDECLARED_SELECTOR = YES;
				GCC_WARN_UNINITIALIZED_AUTOS = YES_AGGRESSIVE;
				GCC_WARN_UNUSED_FUNCTION = YES;
				GCC_WARN_UNUSED_VARIABLE = YES;
				IPHONEOS_DEPLOYMENT_TARGET = 9.2;
				MTL_ENABLE_DEBUG_INFO = YES;
				ONLY_ACTIVE_ARCH = YES;
				SDKROOT = iphoneos;
				SWIFT_OPTIMIZATION_LEVEL = "-Onone";
			};
			name = Debug;
		};
		178FC7531D27986300CBD380 /* Release */ = {
			isa = XCBuildConfiguration;
			buildSettings = {
				ALWAYS_SEARCH_USER_PATHS = NO;
				CLANG_CXX_LANGUAGE_STANDARD = "gnu++0x";
				CLANG_CXX_LIBRARY = "libc++";
				CLANG_ENABLE_MODULES = YES;
				CLANG_ENABLE_OBJC_ARC = YES;
				CLANG_WARN_BOOL_CONVERSION = YES;
				CLANG_WARN_CONSTANT_CONVERSION = YES;
				CLANG_WARN_DIRECT_OBJC_ISA_USAGE = YES_ERROR;
				CLANG_WARN_EMPTY_BODY = YES;
				CLANG_WARN_ENUM_CONVERSION = YES;
				CLANG_WARN_INT_CONVERSION = YES;
				CLANG_WARN_OBJC_ROOT_CLASS = YES_ERROR;
				CLANG_WARN_UNREACHABLE_CODE = YES;
				CLANG_WARN__DUPLICATE_METHOD_MATCH = YES;
				"CODE_SIGN_IDENTITY[sdk=iphoneos*]" = "iPhone Developer";
				COPY_PHASE_STRIP = NO;
				DEBUG_INFORMATION_FORMAT = "dwarf-with-dsym";
				ENABLE_NS_ASSERTIONS = NO;
				ENABLE_STRICT_OBJC_MSGSEND = YES;
				GCC_C_LANGUAGE_STANDARD = gnu99;
				GCC_NO_COMMON_BLOCKS = YES;
				GCC_WARN_64_TO_32_BIT_CONVERSION = YES;
				GCC_WARN_ABOUT_RETURN_TYPE = YES_ERROR;
				GCC_WARN_UNDECLARED_SELECTOR = YES;
				GCC_WARN_UNINITIALIZED_AUTOS = YES_AGGRESSIVE;
				GCC_WARN_UNUSED_FUNCTION = YES;
				GCC_WARN_UNUSED_VARIABLE = YES;
				IPHONEOS_DEPLOYMENT_TARGET = 9.2;
				MTL_ENABLE_DEBUG_INFO = NO;
				SDKROOT = iphoneos;
				VALIDATE_PRODUCT = YES;
			};
			name = Release;
		};
		178FC7551D27986300CBD380 /* Debug */ = {
			isa = XCBuildConfiguration;
			buildSettings = {
				ASSETCATALOG_COMPILER_APPICON_NAME = AppIcon;
				INFOPLIST_FILE = InstaFilter/Info.plist;
				LD_RUNPATH_SEARCH_PATHS = "$(inherited) @executable_path/Frameworks";
				PRODUCT_BUNDLE_IDENTIFIER = tetteketei.InstaFilter;
				PRODUCT_NAME = "$(TARGET_NAME)";
			};
			name = Debug;
		};
		178FC7561D27986300CBD380 /* Release */ = {
			isa = XCBuildConfiguration;
			buildSettings = {
				ASSETCATALOG_COMPILER_APPICON_NAME = AppIcon;
				INFOPLIST_FILE = InstaFilter/Info.plist;
				LD_RUNPATH_SEARCH_PATHS = "$(inherited) @executable_path/Frameworks";
				PRODUCT_BUNDLE_IDENTIFIER = tetteketei.InstaFilter;
				PRODUCT_NAME = "$(TARGET_NAME)";
			};
			name = Release;
		};
		178FC7581D27986300CBD380 /* Debug */ = {
			isa = XCBuildConfiguration;
			buildSettings = {
				BUNDLE_LOADER = "$(TEST_HOST)";
				INFOPLIST_FILE = InstaFilterTests/Info.plist;
				LD_RUNPATH_SEARCH_PATHS = "$(inherited) @executable_path/Frameworks @loader_path/Frameworks";
				PRODUCT_BUNDLE_IDENTIFIER = tetteketei.InstaFilterTests;
				PRODUCT_NAME = "$(TARGET_NAME)";
				TEST_HOST = "$(BUILT_PRODUCTS_DIR)/InstaFilter.app/InstaFilter";
			};
			name = Debug;
		};
		178FC7591D27986300CBD380 /* Release */ = {
			isa = XCBuildConfiguration;
			buildSettings = {
				BUNDLE_LOADER = "$(TEST_HOST)";
				INFOPLIST_FILE = InstaFilterTests/Info.plist;
				LD_RUNPATH_SEARCH_PATHS = "$(inherited) @executable_path/Frameworks @loader_path/Frameworks";
				PRODUCT_BUNDLE_IDENTIFIER = tetteketei.InstaFilterTests;
				PRODUCT_NAME = "$(TARGET_NAME)";
				TEST_HOST = "$(BUILT_PRODUCTS_DIR)/InstaFilter.app/InstaFilter";
			};
			name = Release;
		};
		178FC75B1D27986300CBD380 /* Debug */ = {
			isa = XCBuildConfiguration;
			buildSettings = {
				INFOPLIST_FILE = InstaFilterUITests/Info.plist;
				LD_RUNPATH_SEARCH_PATHS = "$(inherited) @executable_path/Frameworks @loader_path/Frameworks";
				PRODUCT_BUNDLE_IDENTIFIER = tetteketei.InstaFilterUITests;
				PRODUCT_NAME = "$(TARGET_NAME)";
				TEST_TARGET_NAME = InstaFilter;
				USES_XCTRUNNER = YES;
			};
			name = Debug;
		};
		178FC75C1D27986300CBD380 /* Release */ = {
			isa = XCBuildConfiguration;
			buildSettings = {
				INFOPLIST_FILE = InstaFilterUITests/Info.plist;
				LD_RUNPATH_SEARCH_PATHS = "$(inherited) @executable_path/Frameworks @loader_path/Frameworks";
				PRODUCT_BUNDLE_IDENTIFIER = tetteketei.InstaFilterUITests;
				PRODUCT_NAME = "$(TARGET_NAME)";
				TEST_TARGET_NAME = InstaFilter;
				USES_XCTRUNNER = YES;
			};
			name = Release;
		};
/* End XCBuildConfiguration section */

/* Begin XCConfigurationList section */
		178FC7271D27986300CBD380 /* Build configuration list for PBXProject "InstaFilter" */ = {
			isa = XCConfigurationList;
			buildConfigurations = (
				178FC7521D27986300CBD380 /* Debug */,
				178FC7531D27986300CBD380 /* Release */,
			);
			defaultConfigurationIsVisible = 0;
			defaultConfigurationName = Release;
		};
		178FC7541D27986300CBD380 /* Build configuration list for PBXNativeTarget "InstaFilter" */ = {
			isa = XCConfigurationList;
			buildConfigurations = (
				178FC7551D27986300CBD380 /* Debug */,
				178FC7561D27986300CBD380 /* Release */,
			);
			defaultConfigurationIsVisible = 0;
		};
		178FC7571D27986300CBD380 /* Build configuration list for PBXNativeTarget "InstaFilterTests" */ = {
			isa = XCConfigurationList;
			buildConfigurations = (
				178FC7581D27986300CBD380 /* Debug */,
				178FC7591D27986300CBD380 /* Release */,
			);
			defaultConfigurationIsVisible = 0;
		};
		178FC75A1D27986300CBD380 /* Build configuration list for PBXNativeTarget "InstaFilterUITests" */ = {
			isa = XCConfigurationList;
			buildConfigurations = (
				178FC75B1D27986300CBD380 /* Debug */,
				178FC75C1D27986300CBD380 /* Release */,
			);
			defaultConfigurationIsVisible = 0;
		};
/* End XCConfigurationList section */
	};
	rootObject = 178FC7241D27986300CBD380 /* Project object */;
}
