// !$*UTF8*$!
{
	archiveVersion = 1;
	classes = {
	};
	objectVersion = 46;
	objects = {

/* Begin PBXBuildFile section */
		17F3BDF81D210384003CF6DB /* AppDelegate.swift in Sources */ = {isa = PBXBuildFile; fileRef = 17F3BDF71D210384003CF6DB /* AppDelegate.swift */; };
		17F3BDFA1D210384003CF6DB /* ViewController.swift in Sources */ = {isa = PBXBuildFile; fileRef = 17F3BDF91D210384003CF6DB /* ViewController.swift */; };
		17F3BDFD1D210384003CF6DB /* Main.storyboard in Resources */ = {isa = PBXBuildFile; fileRef = 17F3BDFB1D210384003CF6DB /* Main.storyboard */; };
		17F3BDFF1D210384003CF6DB /* Assets.xcassets in Resources */ = {isa = PBXBuildFile; fileRef = 17F3BDFE1D210384003CF6DB /* Assets.xcassets */; };
		17F3BE021D210384003CF6DB /* LaunchScreen.storyboard in Resources */ = {isa = PBXBuildFile; fileRef = 17F3BE001D210384003CF6DB /* LaunchScreen.storyboard */; };
		17F3BE0D1D210384003CF6DB /* RGB_appTests.swift in Sources */ = {isa = PBXBuildFile; fileRef = 17F3BE0C1D210384003CF6DB /* RGB_appTests.swift */; };
		17F3BE181D210384003CF6DB /* RGB_appUITests.swift in Sources */ = {isa = PBXBuildFile; fileRef = 17F3BE171D210384003CF6DB /* RGB_appUITests.swift */; };
/* End PBXBuildFile section */

/* Begin PBXContainerItemProxy section */
		17F3BE091D210384003CF6DB /* PBXContainerItemProxy */ = {
			isa = PBXContainerItemProxy;
			containerPortal = 17F3BDEC1D210384003CF6DB /* Project object */;
			proxyType = 1;
			remoteGlobalIDString = 17F3BDF31D210384003CF6DB;
			remoteInfo = RGB_app;
		};
		17F3BE141D210384003CF6DB /* PBXContainerItemProxy */ = {
			isa = PBXContainerItemProxy;
			containerPortal = 17F3BDEC1D210384003CF6DB /* Project object */;
			proxyType = 1;
			remoteGlobalIDString = 17F3BDF31D210384003CF6DB;
			remoteInfo = RGB_app;
		};
/* End PBXContainerItemProxy section */

/* Begin PBXFileReference section */
		17F3BDF41D210384003CF6DB /* RGB_app.app */ = {isa = PBXFileReference; explicitFileType = wrapper.application; includeInIndex = 0; path = RGB_app.app; sourceTree = BUILT_PRODUCTS_DIR; };
		17F3BDF71D210384003CF6DB /* AppDelegate.swift */ = {isa = PBXFileReference; lastKnownFileType = sourcecode.swift; path = AppDelegate.swift; sourceTree = "<group>"; };
		17F3BDF91D210384003CF6DB /* ViewController.swift */ = {isa = PBXFileReference; lastKnownFileType = sourcecode.swift; path = ViewController.swift; sourceTree = "<group>"; };
		17F3BDFC1D210384003CF6DB /* Base */ = {isa = PBXFileReference; lastKnownFileType = file.storyboard; name = Base; path = Base.lproj/Main.storyboard; sourceTree = "<group>"; };
		17F3BDFE1D210384003CF6DB /* Assets.xcassets */ = {isa = PBXFileReference; lastKnownFileType = folder.assetcatalog; path = Assets.xcassets; sourceTree = "<group>"; };
		17F3BE011D210384003CF6DB /* Base */ = {isa = PBXFileReference; lastKnownFileType = file.storyboard; name = Base; path = Base.lproj/LaunchScreen.storyboard; sourceTree = "<group>"; };
		17F3BE031D210384003CF6DB /* Info.plist */ = {isa = PBXFileReference; lastKnownFileType = text.plist.xml; path = Info.plist; sourceTree = "<group>"; };
		17F3BE081D210384003CF6DB /* RGB_appTests.xctest */ = {isa = PBXFileReference; explicitFileType = wrapper.cfbundle; includeInIndex = 0; path = RGB_appTests.xctest; sourceTree = BUILT_PRODUCTS_DIR; };
		17F3BE0C1D210384003CF6DB /* RGB_appTests.swift */ = {isa = PBXFileReference; lastKnownFileType = sourcecode.swift; path = RGB_appTests.swift; sourceTree = "<group>"; };
		17F3BE0E1D210384003CF6DB /* Info.plist */ = {isa = PBXFileReference; lastKnownFileType = text.plist.xml; path = Info.plist; sourceTree = "<group>"; };
		17F3BE131D210384003CF6DB /* RGB_appUITests.xctest */ = {isa = PBXFileReference; explicitFileType = wrapper.cfbundle; includeInIndex = 0; path = RGB_appUITests.xctest; sourceTree = BUILT_PRODUCTS_DIR; };
		17F3BE171D210384003CF6DB /* RGB_appUITests.swift */ = {isa = PBXFileReference; lastKnownFileType = sourcecode.swift; path = RGB_appUITests.swift; sourceTree = "<group>"; };
		17F3BE191D210384003CF6DB /* Info.plist */ = {isa = PBXFileReference; lastKnownFileType = text.plist.xml; path = Info.plist; sourceTree = "<group>"; };
/* End PBXFileReference section */

/* Begin PBXFrameworksBuildPhase section */
		17F3BDF11D210384003CF6DB /* Frameworks */ = {
			isa = PBXFrameworksBuildPhase;
			buildActionMask = 2147483647;
			files = (
			);
			runOnlyForDeploymentPostprocessing = 0;
		};
		17F3BE051D210384003CF6DB /* Frameworks */ = {
			isa = PBXFrameworksBuildPhase;
			buildActionMask = 2147483647;
			files = (
			);
			runOnlyForDeploymentPostprocessing = 0;
		};
		17F3BE101D210384003CF6DB /* Frameworks */ = {
			isa = PBXFrameworksBuildPhase;
			buildActionMask = 2147483647;
			files = (
			);
			runOnlyForDeploymentPostprocessing = 0;
		};
/* End PBXFrameworksBuildPhase section */

/* Begin PBXGroup section */
		17F3BDEB1D210384003CF6DB = {
			isa = PBXGroup;
			children = (
				17F3BDF61D210384003CF6DB /* RGB_app */,
				17F3BE0B1D210384003CF6DB /* RGB_appTests */,
				17F3BE161D210384003CF6DB /* RGB_appUITests */,
				17F3BDF51D210384003CF6DB /* Products */,
			);
			sourceTree = "<group>";
		};
		17F3BDF51D210384003CF6DB /* Products */ = {
			isa = PBXGroup;
			children = (
				17F3BDF41D210384003CF6DB /* RGB_app.app */,
				17F3BE081D210384003CF6DB /* RGB_appTests.xctest */,
				17F3BE131D210384003CF6DB /* RGB_appUITests.xctest */,
			);
			name = Products;
			sourceTree = "<group>";
		};
		17F3BDF61D210384003CF6DB /* RGB_app */ = {
			isa = PBXGroup;
			children = (
				17F3BDF71D210384003CF6DB /* AppDelegate.swift */,
				17F3BDF91D210384003CF6DB /* ViewController.swift */,
				17F3BDFB1D210384003CF6DB /* Main.storyboard */,
				17F3BDFE1D210384003CF6DB /* Assets.xcassets */,
				17F3BE001D210384003CF6DB /* LaunchScreen.storyboard */,
				17F3BE031D210384003CF6DB /* Info.plist */,
			);
			path = RGB_app;
			sourceTree = "<group>";
		};
		17F3BE0B1D210384003CF6DB /* RGB_appTests */ = {
			isa = PBXGroup;
			children = (
				17F3BE0C1D210384003CF6DB /* RGB_appTests.swift */,
				17F3BE0E1D210384003CF6DB /* Info.plist */,
			);
			path = RGB_appTests;
			sourceTree = "<group>";
		};
		17F3BE161D210384003CF6DB /* RGB_appUITests */ = {
			isa = PBXGroup;
			children = (
				17F3BE171D210384003CF6DB /* RGB_appUITests.swift */,
				17F3BE191D210384003CF6DB /* Info.plist */,
			);
			path = RGB_appUITests;
			sourceTree = "<group>";
		};
/* End PBXGroup section */

/* Begin PBXNativeTarget section */
		17F3BDF31D210384003CF6DB /* RGB_app */ = {
			isa = PBXNativeTarget;
			buildConfigurationList = 17F3BE1C1D210384003CF6DB /* Build configuration list for PBXNativeTarget "RGB_app" */;
			buildPhases = (
				17F3BDF01D210384003CF6DB /* Sources */,
				17F3BDF11D210384003CF6DB /* Frameworks */,
				17F3BDF21D210384003CF6DB /* Resources */,
			);
			buildRules = (
			);
			dependencies = (
			);
			name = RGB_app;
			productName = RGB_app;
			productReference = 17F3BDF41D210384003CF6DB /* RGB_app.app */;
			productType = "com.apple.product-type.application";
		};
		17F3BE071D210384003CF6DB /* RGB_appTests */ = {
			isa = PBXNativeTarget;
			buildConfigurationList = 17F3BE1F1D210384003CF6DB /* Build configuration list for PBXNativeTarget "RGB_appTests" */;
			buildPhases = (
				17F3BE041D210384003CF6DB /* Sources */,
				17F3BE051D210384003CF6DB /* Frameworks */,
				17F3BE061D210384003CF6DB /* Resources */,
			);
			buildRules = (
			);
			dependencies = (
				17F3BE0A1D210384003CF6DB /* PBXTargetDependency */,
			);
			name = RGB_appTests;
			productName = RGB_appTests;
			productReference = 17F3BE081D210384003CF6DB /* RGB_appTests.xctest */;
			productType = "com.apple.product-type.bundle.unit-test";
		};
		17F3BE121D210384003CF6DB /* RGB_appUITests */ = {
			isa = PBXNativeTarget;
			buildConfigurationList = 17F3BE221D210384003CF6DB /* Build configuration list for PBXNativeTarget "RGB_appUITests" */;
			buildPhases = (
				17F3BE0F1D210384003CF6DB /* Sources */,
				17F3BE101D210384003CF6DB /* Frameworks */,
				17F3BE111D210384003CF6DB /* Resources */,
			);
			buildRules = (
			);
			dependencies = (
				17F3BE151D210384003CF6DB /* PBXTargetDependency */,
			);
			name = RGB_appUITests;
			productName = RGB_appUITests;
			productReference = 17F3BE131D210384003CF6DB /* RGB_appUITests.xctest */;
			productType = "com.apple.product-type.bundle.ui-testing";
		};
/* End PBXNativeTarget section */

/* Begin PBXProject section */
		17F3BDEC1D210384003CF6DB /* Project object */ = {
			isa = PBXProject;
			attributes = {
				LastSwiftUpdateCheck = 0720;
				LastUpgradeCheck = 0720;
				ORGANIZATIONNAME = Hikaru;
				TargetAttributes = {
					17F3BDF31D210384003CF6DB = {
						CreatedOnToolsVersion = 7.2;
					};
					17F3BE071D210384003CF6DB = {
						CreatedOnToolsVersion = 7.2;
						TestTargetID = 17F3BDF31D210384003CF6DB;
					};
					17F3BE121D210384003CF6DB = {
						CreatedOnToolsVersion = 7.2;
						TestTargetID = 17F3BDF31D210384003CF6DB;
					};
				};
			};
			buildConfigurationList = 17F3BDEF1D210384003CF6DB /* Build configuration list for PBXProject "RGB_app" */;
			compatibilityVersion = "Xcode 3.2";
			developmentRegion = English;
			hasScannedForEncodings = 0;
			knownRegions = (
				en,
				Base,
			);
			mainGroup = 17F3BDEB1D210384003CF6DB;
			productRefGroup = 17F3BDF51D210384003CF6DB /* Products */;
			projectDirPath = "";
			projectRoot = "";
			targets = (
				17F3BDF31D210384003CF6DB /* RGB_app */,
				17F3BE071D210384003CF6DB /* RGB_appTests */,
				17F3BE121D210384003CF6DB /* RGB_appUITests */,
			);
		};
/* End PBXProject section */

/* Begin PBXResourcesBuildPhase section */
		17F3BDF21D210384003CF6DB /* Resources */ = {
			isa = PBXResourcesBuildPhase;
			buildActionMask = 2147483647;
			files = (
				17F3BE021D210384003CF6DB /* LaunchScreen.storyboard in Resources */,
				17F3BDFF1D210384003CF6DB /* Assets.xcassets in Resources */,
				17F3BDFD1D210384003CF6DB /* Main.storyboard in Resources */,
			);
			runOnlyForDeploymentPostprocessing = 0;
		};
		17F3BE061D210384003CF6DB /* Resources */ = {
			isa = PBXResourcesBuildPhase;
			buildActionMask = 2147483647;
			files = (
			);
			runOnlyForDeploymentPostprocessing = 0;
		};
		17F3BE111D210384003CF6DB /* Resources */ = {
			isa = PBXResourcesBuildPhase;
			buildActionMask = 2147483647;
			files = (
			);
			runOnlyForDeploymentPostprocessing = 0;
		};
/* End PBXResourcesBuildPhase section */

/* Begin PBXSourcesBuildPhase section */
		17F3BDF01D210384003CF6DB /* Sources */ = {
			isa = PBXSourcesBuildPhase;
			buildActionMask = 2147483647;
			files = (
				17F3BDFA1D210384003CF6DB /* ViewController.swift in Sources */,
				17F3BDF81D210384003CF6DB /* AppDelegate.swift in Sources */,
			);
			runOnlyForDeploymentPostprocessing = 0;
		};
		17F3BE041D210384003CF6DB /* Sources */ = {
			isa = PBXSourcesBuildPhase;
			buildActionMask = 2147483647;
			files = (
				17F3BE0D1D210384003CF6DB /* RGB_appTests.swift in Sources */,
			);
			runOnlyForDeploymentPostprocessing = 0;
		};
		17F3BE0F1D210384003CF6DB /* Sources */ = {
			isa = PBXSourcesBuildPhase;
			buildActionMask = 2147483647;
			files = (
				17F3BE181D210384003CF6DB /* RGB_appUITests.swift in Sources */,
			);
			runOnlyForDeploymentPostprocessing = 0;
		};
/* End PBXSourcesBuildPhase section */

/* Begin PBXTargetDependency section */
		17F3BE0A1D210384003CF6DB /* PBXTargetDependency */ = {
			isa = PBXTargetDependency;
			target = 17F3BDF31D210384003CF6DB /* RGB_app */;
			targetProxy = 17F3BE091D210384003CF6DB /* PBXContainerItemProxy */;
		};
		17F3BE151D210384003CF6DB /* PBXTargetDependency */ = {
			isa = PBXTargetDependency;
			target = 17F3BDF31D210384003CF6DB /* RGB_app */;
			targetProxy = 17F3BE141D210384003CF6DB /* PBXContainerItemProxy */;
		};
/* End PBXTargetDependency section */

/* Begin PBXVariantGroup section */
		17F3BDFB1D210384003CF6DB /* Main.storyboard */ = {
			isa = PBXVariantGroup;
			children = (
				17F3BDFC1D210384003CF6DB /* Base */,
			);
			name = Main.storyboard;
			sourceTree = "<group>";
		};
		17F3BE001D210384003CF6DB /* LaunchScreen.storyboard */ = {
			isa = PBXVariantGroup;
			children = (
				17F3BE011D210384003CF6DB /* Base */,
			);
			name = LaunchScreen.storyboard;
			sourceTree = "<group>";
		};
/* End PBXVariantGroup section */

/* Begin XCBuildConfiguration section */
		17F3BE1A1D210384003CF6DB /* Debug */ = {
			isa = XCBuildConfiguration;
			buildSettings = {
				ALWAYS_SEARCH_USER_PATHS = NO;
				CLANG_CXX_LANGUAGE_STANDARD = "gnu++0x";
				CLANG_CXX_LIBRARY = "libc++";
				CLANG_ENABLE_MODULES = YES;
				CLANG_ENABLE_OBJC_ARC = YES;
				CLANG_WARN_BOOL_CONVERSION = YES;
				CLANG_WARN_CONSTANT_CONVERSION = YES;
				CLANG_WARN_DIRECT_OBJC_ISA_USAGE = YES_ERROR;
				CLANG_WARN_EMPTY_BODY = YES;
				CLANG_WARN_ENUM_CONVERSION = YES;
				CLANG_WARN_INT_CONVERSION = YES;
				CLANG_WARN_OBJC_ROOT_CLASS = YES_ERROR;
				CLANG_WARN_UNREACHABLE_CODE = YES;
				CLANG_WARN__DUPLICATE_METHOD_MATCH = YES;
				"CODE_SIGN_IDENTITY[sdk=iphoneos*]" = "iPhone Developer";
				COPY_PHASE_STRIP = NO;
				DEBUG_INFORMATION_FORMAT = dwarf;
				ENABLE_STRICT_OBJC_MSGSEND = YES;
				ENABLE_TESTABILITY = YES;
				GCC_C_LANGUAGE_STANDARD = gnu99;
				GCC_DYNAMIC_NO_PIC = NO;
				GCC_NO_COMMON_BLOCKS = YES;
				GCC_OPTIMIZATION_LEVEL = 0;
				GCC_PREPROCESSOR_DEFINITIONS = (
					"DEBUG=1",
					"$(inherited)",
				);
				GCC_WARN_64_TO_32_BIT_CONVERSION = YES;
				GCC_WARN_ABOUT_RETURN_TYPE = YES_ERROR;
				GCC_WARN_UNDECLARED_SELECTOR = YES;
				GCC_WARN_UNINITIALIZED_AUTOS = YES_AGGRESSIVE;
				GCC_WARN_UNUSED_FUNCTION = YES;
				GCC_WARN_UNUSED_VARIABLE = YES;
				IPHONEOS_DEPLOYMENT_TARGET = 9.2;
				MTL_ENABLE_DEBUG_INFO = YES;
				ONLY_ACTIVE_ARCH = YES;
				SDKROOT = iphoneos;
				SWIFT_OPTIMIZATION_LEVEL = "-Onone";
			};
			name = Debug;
		};
		17F3BE1B1D210384003CF6DB /* Release */ = {
			isa = XCBuildConfiguration;
			buildSettings = {
				ALWAYS_SEARCH_USER_PATHS = NO;
				CLANG_CXX_LANGUAGE_STANDARD = "gnu++0x";
				CLANG_CXX_LIBRARY = "libc++";
				CLANG_ENABLE_MODULES = YES;
				CLANG_ENABLE_OBJC_ARC = YES;
				CLANG_WARN_BOOL_CONVERSION = YES;
				CLANG_WARN_CONSTANT_CONVERSION = YES;
				CLANG_WARN_DIRECT_OBJC_ISA_USAGE = YES_ERROR;
				CLANG_WARN_EMPTY_BODY = YES;
				CLANG_WARN_ENUM_CONVERSION = YES;
				CLANG_WARN_INT_CONVERSION = YES;
				CLANG_WARN_OBJC_ROOT_CLASS = YES_ERROR;
				CLANG_WARN_UNREACHABLE_CODE = YES;
				CLANG_WARN__DUPLICATE_METHOD_MATCH = YES;
				"CODE_SIGN_IDENTITY[sdk=iphoneos*]" = "iPhone Developer";
				COPY_PHASE_STRIP = NO;
				DEBUG_INFORMATION_FORMAT = "dwarf-with-dsym";
				ENABLE_NS_ASSERTIONS = NO;
				ENABLE_STRICT_OBJC_MSGSEND = YES;
				GCC_C_LANGUAGE_STANDARD = gnu99;
				GCC_NO_COMMON_BLOCKS = YES;
				GCC_WARN_64_TO_32_BIT_CONVERSION = YES;
				GCC_WARN_ABOUT_RETURN_TYPE = YES_ERROR;
				GCC_WARN_UNDECLARED_SELECTOR = YES;
				GCC_WARN_UNINITIALIZED_AUTOS = YES_AGGRESSIVE;
				GCC_WARN_UNUSED_FUNCTION = YES;
				GCC_WARN_UNUSED_VARIABLE = YES;
				IPHONEOS_DEPLOYMENT_TARGET = 9.2;
				MTL_ENABLE_DEBUG_INFO = NO;
				SDKROOT = iphoneos;
				VALIDATE_PRODUCT = YES;
			};
			name = Release;
		};
		17F3BE1D1D210384003CF6DB /* Debug */ = {
			isa = XCBuildConfiguration;
			buildSettings = {
				ASSETCATALOG_COMPILER_APPICON_NAME = AppIcon;
				INFOPLIST_FILE = RGB_app/Info.plist;
				LD_RUNPATH_SEARCH_PATHS = "$(inherited) @executable_path/Frameworks";
				PRODUCT_BUNDLE_IDENTIFIER = "tetteketei.RGB-app";
				PRODUCT_NAME = "$(TARGET_NAME)";
			};
			name = Debug;
		};
		17F3BE1E1D210384003CF6DB /* Release */ = {
			isa = XCBuildConfiguration;
			buildSettings = {
				ASSETCATALOG_COMPILER_APPICON_NAME = AppIcon;
				INFOPLIST_FILE = RGB_app/Info.plist;
				LD_RUNPATH_SEARCH_PATHS = "$(inherited) @executable_path/Frameworks";
				PRODUCT_BUNDLE_IDENTIFIER = "tetteketei.RGB-app";
				PRODUCT_NAME = "$(TARGET_NAME)";
			};
			name = Release;
		};
		17F3BE201D210384003CF6DB /* Debug */ = {
			isa = XCBuildConfiguration;
			buildSettings = {
				BUNDLE_LOADER = "$(TEST_HOST)";
				INFOPLIST_FILE = RGB_appTests/Info.plist;
				LD_RUNPATH_SEARCH_PATHS = "$(inherited) @executable_path/Frameworks @loader_path/Frameworks";
				PRODUCT_BUNDLE_IDENTIFIER = "tetteketei.RGB-appTests";
				PRODUCT_NAME = "$(TARGET_NAME)";
				TEST_HOST = "$(BUILT_PRODUCTS_DIR)/RGB_app.app/RGB_app";
			};
			name = Debug;
		};
		17F3BE211D210384003CF6DB /* Release */ = {
			isa = XCBuildConfiguration;
			buildSettings = {
				BUNDLE_LOADER = "$(TEST_HOST)";
				INFOPLIST_FILE = RGB_appTests/Info.plist;
				LD_RUNPATH_SEARCH_PATHS = "$(inherited) @executable_path/Frameworks @loader_path/Frameworks";
				PRODUCT_BUNDLE_IDENTIFIER = "tetteketei.RGB-appTests";
				PRODUCT_NAME = "$(TARGET_NAME)";
				TEST_HOST = "$(BUILT_PRODUCTS_DIR)/RGB_app.app/RGB_app";
			};
			name = Release;
		};
		17F3BE231D210384003CF6DB /* Debug */ = {
			isa = XCBuildConfiguration;
			buildSettings = {
				INFOPLIST_FILE = RGB_appUITests/Info.plist;
				LD_RUNPATH_SEARCH_PATHS = "$(inherited) @executable_path/Frameworks @loader_path/Frameworks";
				PRODUCT_BUNDLE_IDENTIFIER = "tetteketei.RGB-appUITests";
				PRODUCT_NAME = "$(TARGET_NAME)";
				TEST_TARGET_NAME = RGB_app;
				USES_XCTRUNNER = YES;
			};
			name = Debug;
		};
		17F3BE241D210384003CF6DB /* Release */ = {
			isa = XCBuildConfiguration;
			buildSettings = {
				INFOPLIST_FILE = RGB_appUITests/Info.plist;
				LD_RUNPATH_SEARCH_PATHS = "$(inherited) @executable_path/Frameworks @loader_path/Frameworks";
				PRODUCT_BUNDLE_IDENTIFIER = "tetteketei.RGB-appUITests";
				PRODUCT_NAME = "$(TARGET_NAME)";
				TEST_TARGET_NAME = RGB_app;
				USES_XCTRUNNER = YES;
			};
			name = Release;
		};
/* End XCBuildConfiguration section */

/* Begin XCConfigurationList section */
		17F3BDEF1D210384003CF6DB /* Build configuration list for PBXProject "RGB_app" */ = {
			isa = XCConfigurationList;
			buildConfigurations = (
				17F3BE1A1D210384003CF6DB /* Debug */,
				17F3BE1B1D210384003CF6DB /* Release */,
			);
			defaultConfigurationIsVisible = 0;
			defaultConfigurationName = Release;
		};
		17F3BE1C1D210384003CF6DB /* Build configuration list for PBXNativeTarget "RGB_app" */ = {
			isa = XCConfigurationList;
			buildConfigurations = (
				17F3BE1D1D210384003CF6DB /* Debug */,
				17F3BE1E1D210384003CF6DB /* Release */,
			);
			defaultConfigurationIsVisible = 0;
		};
		17F3BE1F1D210384003CF6DB /* Build configuration list for PBXNativeTarget "RGB_appTests" */ = {
			isa = XCConfigurationList;
			buildConfigurations = (
				17F3BE201D210384003CF6DB /* Debug */,
				17F3BE211D210384003CF6DB /* Release */,
			);
			defaultConfigurationIsVisible = 0;
		};
		17F3BE221D210384003CF6DB /* Build configuration list for PBXNativeTarget "RGB_appUITests" */ = {
			isa = XCConfigurationList;
			buildConfigurations = (
				17F3BE231D210384003CF6DB /* Debug */,
				17F3BE241D210384003CF6DB /* Release */,
			);
			defaultConfigurationIsVisible = 0;
		};
/* End XCConfigurationList section */
	};
	rootObject = 17F3BDEC1D210384003CF6DB /* Project object */;
}
